
Microsoft Visual Studio Solution File, Format Version 12.00
# Visual Studio Version 16
VisualStudioVersion = 16.0.30717.126
MinimumVisualStudioVersion = 10.0.40219.1
Project("{FAE04EC0-301F-11D3-BF4B-00C04F79EFBC}") = "Sample", "Sample\Sample.csproj", "{37A17000-2A71-4655-996F-8D94E688B370}"
EndProject
Project("{FAE04EC0-301F-11D3-BF4B-00C04F79EFBC}") = "StoreInfo", "..\clients\storeInfo\src\StoreInfo\StoreInfo.csproj", "{D0FE075F-69C4-4209-B3B2-A83548E6891B}"
EndProject
Project("{FAE04EC0-301F-11D3-BF4B-00C04F79EFBC}") = "Themes", "..\clients\themes\src\Themes\Themes.csproj", "{02FAF147-8944-4017-B164-442B50C16AB0}"
EndProject
Project("{FAE04EC0-301F-11D3-BF4B-00C04F79EFBC}") = "Carts", "..\clients\carts\src\Carts\Carts.csproj", "{C9D9ACD4-4C8D-42F1-89C3-7216D1F75356}"
EndProject
Project("{FAE04EC0-301F-11D3-BF4B-00C04F79EFBC}") = "Catalog", "..\clients\catalog\src\Catalog\Catalog.csproj", "{7C9F3B26-9107-4463-9F30-5F5D2066A39B}"
EndProject
Project("{FAE04EC0-301F-11D3-BF4B-00C04F79EFBC}") = "OrdersV3", "..\clients\ordersV3\src\OrdersV3\OrdersV3.csproj", "{EEE9E45E-1644-4031-B52A-6620D8CF8A92}"
EndProject
Project("{FAE04EC0-301F-11D3-BF4B-00C04F79EFBC}") = "Widgets", "..\clients\widgets\src\Widgets\Widgets.csproj", "{02D151F1-3660-4E96-B0F4-687E3A739EBF}"
EndProject
Project("{FAE04EC0-301F-11D3-BF4B-00C04F79EFBC}") = "Subscribers", "..\clients\subscribers\src\Subscribers\Subscribers.csproj", "{D25B96D4-492F-461D-A2D0-931068F59F63}"
EndProject
Global
	GlobalSection(SolutionConfigurationPlatforms) = preSolution
		Debug|Any CPU = Debug|Any CPU
		Release|Any CPU = Release|Any CPU
	EndGlobalSection
	GlobalSection(ProjectConfigurationPlatforms) = postSolution
		{37A17000-2A71-4655-996F-8D94E688B370}.Debug|Any CPU.ActiveCfg = Debug|Any CPU
		{37A17000-2A71-4655-996F-8D94E688B370}.Debug|Any CPU.Build.0 = Debug|Any CPU
		{37A17000-2A71-4655-996F-8D94E688B370}.Release|Any CPU.ActiveCfg = Release|Any CPU
		{37A17000-2A71-4655-996F-8D94E688B370}.Release|Any CPU.Build.0 = Release|Any CPU
		{D0FE075F-69C4-4209-B3B2-A83548E6891B}.Debug|Any CPU.ActiveCfg = Debug|Any CPU
		{D0FE075F-69C4-4209-B3B2-A83548E6891B}.Debug|Any CPU.Build.0 = Debug|Any CPU
		{D0FE075F-69C4-4209-B3B2-A83548E6891B}.Release|Any CPU.ActiveCfg = Release|Any CPU
		{D0FE075F-69C4-4209-B3B2-A83548E6891B}.Release|Any CPU.Build.0 = Release|Any CPU
		{02FAF147-8944-4017-B164-442B50C16AB0}.Debug|Any CPU.ActiveCfg = Debug|Any CPU
		{02FAF147-8944-4017-B164-442B50C16AB0}.Debug|Any CPU.Build.0 = Debug|Any CPU
		{02FAF147-8944-4017-B164-442B50C16AB0}.Release|Any CPU.ActiveCfg = Release|Any CPU
		{02FAF147-8944-4017-B164-442B50C16AB0}.Release|Any CPU.Build.0 = Release|Any CPU
		{C9D9ACD4-4C8D-42F1-89C3-7216D1F75356}.Debug|Any CPU.ActiveCfg = Debug|Any CPU
		{C9D9ACD4-4C8D-42F1-89C3-7216D1F75356}.Debug|Any CPU.Build.0 = Debug|Any CPU
		{C9D9ACD4-4C8D-42F1-89C3-7216D1F75356}.Release|Any CPU.ActiveCfg = Release|Any CPU
		{C9D9ACD4-4C8D-42F1-89C3-7216D1F75356}.Release|Any CPU.Build.0 = Release|Any CPU
		{7C9F3B26-9107-4463-9F30-5F5D2066A39B}.Debug|Any CPU.ActiveCfg = Debug|Any CPU
		{7C9F3B26-9107-4463-9F30-5F5D2066A39B}.Debug|Any CPU.Build.0 = Debug|Any CPU
		{7C9F3B26-9107-4463-9F30-5F5D2066A39B}.Release|Any CPU.ActiveCfg = Release|Any CPU
		{7C9F3B26-9107-4463-9F30-5F5D2066A39B}.Release|Any CPU.Build.0 = Release|Any CPU
		{EEE9E45E-1644-4031-B52A-6620D8CF8A92}.Debug|Any CPU.ActiveCfg = Debug|Any CPU
		{EEE9E45E-1644-4031-B52A-6620D8CF8A92}.Debug|Any CPU.Build.0 = Debug|Any CPU
		{EEE9E45E-1644-4031-B52A-6620D8CF8A92}.Release|Any CPU.ActiveCfg = Release|Any CPU
		{EEE9E45E-1644-4031-B52A-6620D8CF8A92}.Release|Any CPU.Build.0 = Release|Any CPU
		{02D151F1-3660-4E96-B0F4-687E3A739EBF}.Debug|Any CPU.ActiveCfg = Debug|Any CPU
		{02D151F1-3660-4E96-B0F4-687E3A739EBF}.Debug|Any CPU.Build.0 = Debug|Any CPU
		{02D151F1-3660-4E96-B0F4-687E3A739EBF}.Release|Any CPU.ActiveCfg = Release|Any CPU
		{02D151F1-3660-4E96-B0F4-687E3A739EBF}.Release|Any CPU.Build.0 = Release|Any CPU
		{D25B96D4-492F-461D-A2D0-931068F59F63}.Debug|Any CPU.ActiveCfg = Debug|Any CPU
		{D25B96D4-492F-461D-A2D0-931068F59F63}.Debug|Any CPU.Build.0 = Debug|Any CPU
		{D25B96D4-492F-461D-A2D0-931068F59F63}.Release|Any CPU.ActiveCfg = Release|Any CPU
		{D25B96D4-492F-461D-A2D0-931068F59F63}.Release|Any CPU.Build.0 = Release|Any CPU
	EndGlobalSection
	GlobalSection(SolutionProperties) = preSolution
		HideSolutionNode = FALSE
	EndGlobalSection
	GlobalSection(ExtensibilityGlobals) = postSolution
		SolutionGuid = {60ECAAA8-1509-4748-BEAE-69780C65F357}
	EndGlobalSection
EndGlobal
